# This file is automatically @generated by Poetry 1.5.1 and should not be changed by hand.

[[package]]
name = "pypdf"
version = "3.17.0"
description = "A pure-python PDF library capable of splitting, merging, cropping, and transforming PDF files"
optional = false
python-versions = ">=3.6"
files = [
    {file = "pypdf-3.17.0-py3-none-any.whl", hash = "sha256:67f6bb7acd8fdbcf7e7a7d5319d12b8de100f5f94538d6e5647aaec3eb7c7dde"},
    {file = "pypdf-3.17.0.tar.gz", hash = "sha256:9fab275fea57c9e5b2416035d13d867a459ebe36294a4c39a3d0bb45a7404bad"},
]

[package.extras]
crypto = ["PyCryptodome", "cryptography"]
dev = ["black", "flit", "pip-tools", "pre-commit (<2.18.0)", "pytest-cov", "pytest-socket", "pytest-timeout", "pytest-xdist", "wheel"]
docs = ["myst_parser", "sphinx", "sphinx_rtd_theme"]
full = ["Pillow (>=8.0.0)", "PyCryptodome", "cryptography"]
image = ["Pillow (>=8.0.0)"]

[metadata]
lock-version = "2.0"
python-versions = "^3.10"
content-hash = "f4f9cc66632109d508de9d045b72d6c7bf9c4b7de7c37b8984e4af729dbc9ea9"
